
Microsoft Visual Studio Solution File, Format Version 12.00
# Visual Studio Version 16
VisualStudioVersion = 16.0.31515.178
MinimumVisualStudioVersion = 10.0.40219.1
Project("{FAE04EC0-301F-11D3-BF4B-00C04F79EFBC}") = "ADOPayrollService", "ADOPayrollService\ADOPayrollService.csproj", "{C7ACFD8A-AD31-403E-B742-8E0C7368F073}"
EndProject
Project("{FAE04EC0-301F-11D3-BF4B-00C04F79EFBC}") = "PayrollValidation", "PayrollValidation\PayrollValidation.csproj", "{FB245F39-076C-412B-986B-4300B6712365}"
EndProject
Global
	GlobalSection(SolutionConfigurationPlatforms) = preSolution
		Debug|Any CPU = Debug|Any CPU
		Release|Any CPU = Release|Any CPU
	EndGlobalSection
	GlobalSection(ProjectConfigurationPlatforms) = postSolution
		{C7ACFD8A-AD31-403E-B742-8E0C7368F073}.Debug|Any CPU.ActiveCfg = Debug|Any CPU
		{C7ACFD8A-AD31-403E-B742-8E0C7368F073}.Debug|Any CPU.Build.0 = Debug|Any CPU
		{C7ACFD8A-AD31-403E-B742-8E0C7368F073}.Release|Any CPU.ActiveCfg = Release|Any CPU
		{C7ACFD8A-AD31-403E-B742-8E0C7368F073}.Release|Any CPU.Build.0 = Release|Any CPU
		{FB245F39-076C-412B-986B-4300B6712365}.Debug|Any CPU.ActiveCfg = Debug|Any CPU
		{FB245F39-076C-412B-986B-4300B6712365}.Debug|Any CPU.Build.0 = Debug|Any CPU
		{FB245F39-076C-412B-986B-4300B6712365}.Release|Any CPU.ActiveCfg = Release|Any CPU
		{FB245F39-076C-412B-986B-4300B6712365}.Release|Any CPU.Build.0 = Release|Any CPU
	EndGlobalSection
	GlobalSection(SolutionProperties) = preSolution
		HideSolutionNode = FALSE
	EndGlobalSection
	GlobalSection(ExtensibilityGlobals) = postSolution
		SolutionGuid = {2FA8EE8E-5CD2-474A-8A9E-CCAD3AEA7800}
	EndGlobalSection
EndGlobal
